
Microsoft Visual Studio Solution File, Format Version 12.00
# Visual Studio Version 17
VisualStudioVersion = 17.14.36109.1 d17.14
MinimumVisualStudioVersion = 10.0.40219.1
Project("{FAE04EC0-301F-11D3-BF4B-00C04F79EFBC}") = "ProjectVagabond", "ProjectVagabond.csproj", "{4717A567-FF7F-4987-8BD7-1EDD4AA0E630}"
EndProject
Global
	GlobalSection(SolutionConfigurationPlatforms) = preSolution
		Debug|Any CPU = Debug|Any CPU
		Release|Any CPU = Release|Any CPU
	EndGlobalSection
	GlobalSection(ProjectConfigurationPlatforms) = postSolution
		{4717A567-FF7F-4987-8BD7-1EDD4AA0E630}.Debug|Any CPU.ActiveCfg = Debug|Any CPU
		{4717A567-FF7F-4987-8BD7-1EDD4AA0E630}.Debug|Any CPU.Build.0 = Debug|Any CPU
		{4717A567-FF7F-4987-8BD7-1EDD4AA0E630}.Release|Any CPU.ActiveCfg = Release|Any CPU
		{4717A567-FF7F-4987-8BD7-1EDD4AA0E630}.Release|Any CPU.Build.0 = Release|Any CPU
	EndGlobalSection
	GlobalSection(SolutionProperties) = preSolution
		HideSolutionNode = FALSE
	EndGlobalSection
	GlobalSection(ExtensibilityGlobals) = postSolution
		SolutionGuid = {5E0078B2-73E7-450C-B72C-8865CE9863D4}
	EndGlobalSection
EndGlobal
